
Microsoft Visual Studio Solution File, Format Version 12.00
# Visual Studio 15
VisualStudioVersion = 15.0.27703.2042
MinimumVisualStudioVersion = 10.0.40219.1
Project("{8BC9CEB8-8B4A-11D0-8D11-00A0C91BC942}") = "LaFotoTienda", "LaFotoTienda\LaFotoTienda.vcxproj", "{B03C115E-ACC0-40A8-890D-4557E318532A}"
EndProject
Project("{54435603-DBB4-11D2-8724-00A0C9A8B90C}") = "LaFotoInstaller", "LaFotoInstaller\LaFotoInstaller.vdproj", "{80D2FD76-5323-4EB9-B7A4-58E608BB11D5}"
EndProject
Global
	GlobalSection(SolutionConfigurationPlatforms) = preSolution
		Debug|x64 = Debug|x64
		Debug|x86 = Debug|x86
		Release|x64 = Release|x64
		Release|x86 = Release|x86
	EndGlobalSection
	GlobalSection(ProjectConfigurationPlatforms) = postSolution
		{B03C115E-ACC0-40A8-890D-4557E318532A}.Debug|x64.ActiveCfg = Debug|x64
		{B03C115E-ACC0-40A8-890D-4557E318532A}.Debug|x64.Build.0 = Debug|x64
		{B03C115E-ACC0-40A8-890D-4557E318532A}.Debug|x86.ActiveCfg = Debug|Win32
		{B03C115E-ACC0-40A8-890D-4557E318532A}.Debug|x86.Build.0 = Debug|Win32
		{B03C115E-ACC0-40A8-890D-4557E318532A}.Release|x64.ActiveCfg = Release|x64
		{B03C115E-ACC0-40A8-890D-4557E318532A}.Release|x64.Build.0 = Release|x64
		{B03C115E-ACC0-40A8-890D-4557E318532A}.Release|x86.ActiveCfg = Release|Win32
		{B03C115E-ACC0-40A8-890D-4557E318532A}.Release|x86.Build.0 = Release|Win32
		{80D2FD76-5323-4EB9-B7A4-58E608BB11D5}.Debug|x64.ActiveCfg = Debug
		{80D2FD76-5323-4EB9-B7A4-58E608BB11D5}.Debug|x86.ActiveCfg = Debug
		{80D2FD76-5323-4EB9-B7A4-58E608BB11D5}.Release|x64.ActiveCfg = Release
		{80D2FD76-5323-4EB9-B7A4-58E608BB11D5}.Release|x86.ActiveCfg = Release
	EndGlobalSection
	GlobalSection(SolutionProperties) = preSolution
		HideSolutionNode = FALSE
	EndGlobalSection
	GlobalSection(ExtensibilityGlobals) = postSolution
		SolutionGuid = {751E5CF0-3EA1-4DFB-957D-0F6E057BA9D4}
	EndGlobalSection
EndGlobal
